
Microsoft Visual Studio Solution File, Format Version 12.00
# Visual Studio Version 17
VisualStudioVersion = 17.5.002.0
MinimumVisualStudioVersion = 10.0.40219.1
Project("{9A19103F-16F7-4668-BE54-9A1E7A4F7556}") = "Bss.Api", "src\Bss.Api\Bss.Api.csproj", "{7DF17FB3-BA77-489F-BB06-606FEFEEC1B6}"
EndProject
Project("{9A19103F-16F7-4668-BE54-9A1E7A4F7556}") = "Bss.Dal", "src\Bss.Dal\Bss.Dal.csproj", "{6BF0BE2C-D28F-40CE-9162-2CE8CCE85E14}"
EndProject
Project("{9A19103F-16F7-4668-BE54-9A1E7A4F7556}") = "Bss.Infrastructure", "src\Bss.Infrastructure\Bss.Infrastructure.csproj", "{0AAD86D0-D056-45F2-8568-28A3BE3FB003}"
EndProject
Project("{2150E333-8FDC-42A3-9474-1A3956D46DE8}") = "src", "src", "{ACC5EFC9-F186-45DE-AC4A-1A126DC4A4BA}"
EndProject
Project("{2150E333-8FDC-42A3-9474-1A3956D46DE8}") = "bootstraps", "bootstraps", "{C00C8E3A-085B-49BE-802A-638C99829A14}"
EndProject
Project("{9A19103F-16F7-4668-BE54-9A1E7A4F7556}") = "Bss.Bootstrap", "bootstraps\Bss.Bootstrap\Bss.Bootstrap.csproj", "{35D6F254-D63A-4C29-8A2B-EF8F169E5F13}"
EndProject
Project("{9A19103F-16F7-4668-BE54-9A1E7A4F7556}") = "Bss.Component.Core", "src\Bss.Component.Core\Bss.Component.Core.csproj", "{D2A36D44-A535-4E93-A827-2D8D936730F3}"
EndProject
Project("{9A19103F-16F7-4668-BE54-9A1E7A4F7556}") = "Bss.Component.Identity", "src\Bss.Component.Identity\Bss.Component.Identity.csproj", "{808053C4-47E5-4DFB-8C40-EC4295B41F1B}"
EndProject
Project("{9A19103F-16F7-4668-BE54-9A1E7A4F7556}") = "Bss.Dal.Migrations", "src\Bss.Dal.Migrations\Bss.Dal.Migrations.csproj", "{E843D634-1CA4-44DA-B459-CC99C09C6D49}"
EndProject
Project("{2150E333-8FDC-42A3-9474-1A3956D46DE8}") = "Solution Items", "Solution Items", "{8EC866A6-9A47-48AC-BF96-ECC1E3BC4B51}"
	ProjectSection(SolutionItems) = preProject
		tools\migration_creator\add_core_migration.ps1 = tools\migration_creator\add_core_migration.ps1
		tools\migration_creator\add_identity_migration.ps1 = tools\migration_creator\add_identity_migration.ps1
		tools\migration_creator\add_migration.ps1 = tools\migration_creator\add_migration.ps1
	EndProjectSection
EndProject
Global
	GlobalSection(SolutionConfigurationPlatforms) = preSolution
		Debug|Any CPU = Debug|Any CPU
		Release|Any CPU = Release|Any CPU
	EndGlobalSection
	GlobalSection(ProjectConfigurationPlatforms) = postSolution
		{7DF17FB3-BA77-489F-BB06-606FEFEEC1B6}.Debug|Any CPU.ActiveCfg = Debug|Any CPU
		{7DF17FB3-BA77-489F-BB06-606FEFEEC1B6}.Debug|Any CPU.Build.0 = Debug|Any CPU
		{7DF17FB3-BA77-489F-BB06-606FEFEEC1B6}.Release|Any CPU.ActiveCfg = Release|Any CPU
		{7DF17FB3-BA77-489F-BB06-606FEFEEC1B6}.Release|Any CPU.Build.0 = Release|Any CPU
		{6BF0BE2C-D28F-40CE-9162-2CE8CCE85E14}.Debug|Any CPU.ActiveCfg = Debug|Any CPU
		{6BF0BE2C-D28F-40CE-9162-2CE8CCE85E14}.Debug|Any CPU.Build.0 = Debug|Any CPU
		{6BF0BE2C-D28F-40CE-9162-2CE8CCE85E14}.Release|Any CPU.ActiveCfg = Release|Any CPU
		{6BF0BE2C-D28F-40CE-9162-2CE8CCE85E14}.Release|Any CPU.Build.0 = Release|Any CPU
		{0AAD86D0-D056-45F2-8568-28A3BE3FB003}.Debug|Any CPU.ActiveCfg = Debug|Any CPU
		{0AAD86D0-D056-45F2-8568-28A3BE3FB003}.Debug|Any CPU.Build.0 = Debug|Any CPU
		{0AAD86D0-D056-45F2-8568-28A3BE3FB003}.Release|Any CPU.ActiveCfg = Release|Any CPU
		{0AAD86D0-D056-45F2-8568-28A3BE3FB003}.Release|Any CPU.Build.0 = Release|Any CPU
		{35D6F254-D63A-4C29-8A2B-EF8F169E5F13}.Debug|Any CPU.ActiveCfg = Debug|Any CPU
		{35D6F254-D63A-4C29-8A2B-EF8F169E5F13}.Debug|Any CPU.Build.0 = Debug|Any CPU
		{35D6F254-D63A-4C29-8A2B-EF8F169E5F13}.Release|Any CPU.ActiveCfg = Release|Any CPU
		{35D6F254-D63A-4C29-8A2B-EF8F169E5F13}.Release|Any CPU.Build.0 = Release|Any CPU
		{D2A36D44-A535-4E93-A827-2D8D936730F3}.Debug|Any CPU.ActiveCfg = Debug|Any CPU
		{D2A36D44-A535-4E93-A827-2D8D936730F3}.Debug|Any CPU.Build.0 = Debug|Any CPU
		{D2A36D44-A535-4E93-A827-2D8D936730F3}.Release|Any CPU.ActiveCfg = Release|Any CPU
		{D2A36D44-A535-4E93-A827-2D8D936730F3}.Release|Any CPU.Build.0 = Release|Any CPU
		{808053C4-47E5-4DFB-8C40-EC4295B41F1B}.Debug|Any CPU.ActiveCfg = Debug|Any CPU
		{808053C4-47E5-4DFB-8C40-EC4295B41F1B}.Debug|Any CPU.Build.0 = Debug|Any CPU
		{808053C4-47E5-4DFB-8C40-EC4295B41F1B}.Release|Any CPU.ActiveCfg = Release|Any CPU
		{808053C4-47E5-4DFB-8C40-EC4295B41F1B}.Release|Any CPU.Build.0 = Release|Any CPU
		{E843D634-1CA4-44DA-B459-CC99C09C6D49}.Debug|Any CPU.ActiveCfg = Debug|Any CPU
		{E843D634-1CA4-44DA-B459-CC99C09C6D49}.Debug|Any CPU.Build.0 = Debug|Any CPU
		{E843D634-1CA4-44DA-B459-CC99C09C6D49}.Release|Any CPU.ActiveCfg = Release|Any CPU
		{E843D634-1CA4-44DA-B459-CC99C09C6D49}.Release|Any CPU.Build.0 = Release|Any CPU
	EndGlobalSection
	GlobalSection(SolutionProperties) = preSolution
		HideSolutionNode = FALSE
	EndGlobalSection
	GlobalSection(NestedProjects) = preSolution
		{7DF17FB3-BA77-489F-BB06-606FEFEEC1B6} = {ACC5EFC9-F186-45DE-AC4A-1A126DC4A4BA}
		{6BF0BE2C-D28F-40CE-9162-2CE8CCE85E14} = {ACC5EFC9-F186-45DE-AC4A-1A126DC4A4BA}
		{0AAD86D0-D056-45F2-8568-28A3BE3FB003} = {ACC5EFC9-F186-45DE-AC4A-1A126DC4A4BA}
		{35D6F254-D63A-4C29-8A2B-EF8F169E5F13} = {C00C8E3A-085B-49BE-802A-638C99829A14}
		{D2A36D44-A535-4E93-A827-2D8D936730F3} = {ACC5EFC9-F186-45DE-AC4A-1A126DC4A4BA}
		{808053C4-47E5-4DFB-8C40-EC4295B41F1B} = {ACC5EFC9-F186-45DE-AC4A-1A126DC4A4BA}
		{E843D634-1CA4-44DA-B459-CC99C09C6D49} = {ACC5EFC9-F186-45DE-AC4A-1A126DC4A4BA}
	EndGlobalSection
	GlobalSection(ExtensibilityGlobals) = postSolution
		SolutionGuid = {957B24AD-DFC6-4AE9-8A58-C8E044B45990}
	EndGlobalSection
EndGlobal
